// !$*UTF8*$!
{
	archiveVersion = 1;
	classes = {
	};
	objectVersion = 56;
	objects = {

/* Begin PBXBuildFile section */
		825A82DE2ABF68C200678AE3 /* ToDoListApp.swift in Sources */ = {isa = PBXBuildFile; fileRef = 825A82DD2ABF68C200678AE3 /* ToDoListApp.swift */; };
		825A82E02ABF68C200678AE3 /* MainView.swift in Sources */ = {isa = PBXBuildFile; fileRef = 825A82DF2ABF68C200678AE3 /* MainView.swift */; };
		825A82E22ABF68C400678AE3 /* Assets.xcassets in Resources */ = {isa = PBXBuildFile; fileRef = 825A82E12ABF68C400678AE3 /* Assets.xcassets */; };
		825A82E62ABF68C400678AE3 /* Preview Assets.xcassets in Resources */ = {isa = PBXBuildFile; fileRef = 825A82E52ABF68C400678AE3 /* Preview Assets.xcassets */; };
		825A82F02ABF68C400678AE3 /* ToDoListTests.swift in Sources */ = {isa = PBXBuildFile; fileRef = 825A82EF2ABF68C400678AE3 /* ToDoListTests.swift */; };
		825A82FA2ABF68C400678AE3 /* ToDoListUITests.swift in Sources */ = {isa = PBXBuildFile; fileRef = 825A82F92ABF68C400678AE3 /* ToDoListUITests.swift */; };
		825A82FC2ABF68C400678AE3 /* ToDoListUITestsLaunchTests.swift in Sources */ = {isa = PBXBuildFile; fileRef = 825A82FB2ABF68C400678AE3 /* ToDoListUITestsLaunchTests.swift */; };
		825B7CC82AC974CA007A78DD /* FirebaseAuth in Frameworks */ = {isa = PBXBuildFile; productRef = 825B7CC72AC974CA007A78DD /* FirebaseAuth */; };
		825B7CCA2AC974CA007A78DD /* FirebaseDatabase in Frameworks */ = {isa = PBXBuildFile; productRef = 825B7CC92AC974CA007A78DD /* FirebaseDatabase */; };
		825B7CCC2AC974CA007A78DD /* FirebaseFirestore in Frameworks */ = {isa = PBXBuildFile; productRef = 825B7CCB2AC974CA007A78DD /* FirebaseFirestore */; };
		825B7CCE2AC974CA007A78DD /* FirebaseFirestoreSwift in Frameworks */ = {isa = PBXBuildFile; productRef = 825B7CCD2AC974CA007A78DD /* FirebaseFirestoreSwift */; };
		825B7CD02AC974CA007A78DD /* FirebaseMessaging in Frameworks */ = {isa = PBXBuildFile; productRef = 825B7CCF2AC974CA007A78DD /* FirebaseMessaging */; };
		825B7CD22AC97530007A78DD /* GoogleService-Info.plist in Resources */ = {isa = PBXBuildFile; fileRef = 825B7CD12AC97530007A78DD /* GoogleService-Info.plist */; };
		825B7CDA2AC97937007A78DD /* ProfileView.swift in Sources */ = {isa = PBXBuildFile; fileRef = 825B7CD92AC97937007A78DD /* ProfileView.swift */; };
		825B7CDC2AC97953007A78DD /* TodoListView.swift in Sources */ = {isa = PBXBuildFile; fileRef = 825B7CDB2AC97953007A78DD /* TodoListView.swift */; };
		825B7CDE2AC97973007A78DD /* NewItemView.swift in Sources */ = {isa = PBXBuildFile; fileRef = 825B7CDD2AC97973007A78DD /* NewItemView.swift */; };
		825B7CE02AC97997007A78DD /* LoginView.swift in Sources */ = {isa = PBXBuildFile; fileRef = 825B7CDF2AC97997007A78DD /* LoginView.swift */; };
		825B7CE22AC979A3007A78DD /* RegisterView.swift in Sources */ = {isa = PBXBuildFile; fileRef = 825B7CE12AC979A3007A78DD /* RegisterView.swift */; };
		825B7CE52AC97A0E007A78DD /* TodoListItemView.swift in Sources */ = {isa = PBXBuildFile; fileRef = 825B7CE42AC97A0E007A78DD /* TodoListItemView.swift */; };
		825B7CE72AC97ABE007A78DD /* User.swift in Sources */ = {isa = PBXBuildFile; fileRef = 825B7CE62AC97ABE007A78DD /* User.swift */; };
		825B7CE92AC97ADB007A78DD /* TodoListItem.swift in Sources */ = {isa = PBXBuildFile; fileRef = 825B7CE82AC97ADB007A78DD /* TodoListItem.swift */; };
		825B7CEB2AC97B26007A78DD /* MainViewModel.swift in Sources */ = {isa = PBXBuildFile; fileRef = 825B7CEA2AC97B26007A78DD /* MainViewModel.swift */; };
		825B7CED2AC97B34007A78DD /* ProfileViewModel.swift in Sources */ = {isa = PBXBuildFile; fileRef = 825B7CEC2AC97B34007A78DD /* ProfileViewModel.swift */; };
		825B7CEF2AC97B44007A78DD /* TodoListViewModel.swift in Sources */ = {isa = PBXBuildFile; fileRef = 825B7CEE2AC97B44007A78DD /* TodoListViewModel.swift */; };
		825B7CF12AC97B56007A78DD /* NewItemsViewModel.swift in Sources */ = {isa = PBXBuildFile; fileRef = 825B7CF02AC97B55007A78DD /* NewItemsViewModel.swift */; };
		825B7CF32AC97B63007A78DD /* LoginViewModel.swift in Sources */ = {isa = PBXBuildFile; fileRef = 825B7CF22AC97B63007A78DD /* LoginViewModel.swift */; };
		825B7CF52AC97B75007A78DD /* RegisterViewModel.swift in Sources */ = {isa = PBXBuildFile; fileRef = 825B7CF42AC97B75007A78DD /* RegisterViewModel.swift */; };
		825B7CF72AC97B8B007A78DD /* TodolistItemsViewModel.swift in Sources */ = {isa = PBXBuildFile; fileRef = 825B7CF62AC97B8B007A78DD /* TodolistItemsViewModel.swift */; };
		825B7CFA2AC98AB4007A78DD /* HeaderView.swift in Sources */ = {isa = PBXBuildFile; fileRef = 825B7CF92AC98AB4007A78DD /* HeaderView.swift */; };
/* End PBXBuildFile section */

/* Begin PBXContainerItemProxy section */
		825A82EC2ABF68C400678AE3 /* PBXContainerItemProxy */ = {
			isa = PBXContainerItemProxy;
			containerPortal = 825A82D22ABF68C200678AE3 /* Project object */;
			proxyType = 1;
			remoteGlobalIDString = 825A82D92ABF68C200678AE3;
			remoteInfo = ToDoList;
		};
		825A82F62ABF68C400678AE3 /* PBXContainerItemProxy */ = {
			isa = PBXContainerItemProxy;
			containerPortal = 825A82D22ABF68C200678AE3 /* Project object */;
			proxyType = 1;
			remoteGlobalIDString = 825A82D92ABF68C200678AE3;
			remoteInfo = ToDoList;
		};
/* End PBXContainerItemProxy section */

/* Begin PBXFileReference section */
		825A82DA2ABF68C200678AE3 /* ToDoList.app */ = {isa = PBXFileReference; explicitFileType = wrapper.application; includeInIndex = 0; path = ToDoList.app; sourceTree = BUILT_PRODUCTS_DIR; };
		825A82DD2ABF68C200678AE3 /* ToDoListApp.swift */ = {isa = PBXFileReference; lastKnownFileType = sourcecode.swift; path = ToDoListApp.swift; sourceTree = "<group>"; };
		825A82DF2ABF68C200678AE3 /* MainView.swift */ = {isa = PBXFileReference; lastKnownFileType = sourcecode.swift; path = MainView.swift; sourceTree = "<group>"; };
		825A82E12ABF68C400678AE3 /* Assets.xcassets */ = {isa = PBXFileReference; lastKnownFileType = folder.assetcatalog; path = Assets.xcassets; sourceTree = "<group>"; };
		825A82E32ABF68C400678AE3 /* ToDoList.entitlements */ = {isa = PBXFileReference; lastKnownFileType = text.plist.entitlements; path = ToDoList.entitlements; sourceTree = "<group>"; };
		825A82E52ABF68C400678AE3 /* Preview Assets.xcassets */ = {isa = PBXFileReference; lastKnownFileType = folder.assetcatalog; path = "Preview Assets.xcassets"; sourceTree = "<group>"; };
		825A82EB2ABF68C400678AE3 /* ToDoListTests.xctest */ = {isa = PBXFileReference; explicitFileType = wrapper.cfbundle; includeInIndex = 0; path = ToDoListTests.xctest; sourceTree = BUILT_PRODUCTS_DIR; };
		825A82EF2ABF68C400678AE3 /* ToDoListTests.swift */ = {isa = PBXFileReference; lastKnownFileType = sourcecode.swift; path = ToDoListTests.swift; sourceTree = "<group>"; };
		825A82F52ABF68C400678AE3 /* ToDoListUITests.xctest */ = {isa = PBXFileReference; explicitFileType = wrapper.cfbundle; includeInIndex = 0; path = ToDoListUITests.xctest; sourceTree = BUILT_PRODUCTS_DIR; };
		825A82F92ABF68C400678AE3 /* ToDoListUITests.swift */ = {isa = PBXFileReference; lastKnownFileType = sourcecode.swift; path = ToDoListUITests.swift; sourceTree = "<group>"; };
		825A82FB2ABF68C400678AE3 /* ToDoListUITestsLaunchTests.swift */ = {isa = PBXFileReference; lastKnownFileType = sourcecode.swift; path = ToDoListUITestsLaunchTests.swift; sourceTree = "<group>"; };
		825B7CD12AC97530007A78DD /* GoogleService-Info.plist */ = {isa = PBXFileReference; fileEncoding = 4; lastKnownFileType = text.plist.xml; name = "GoogleService-Info.plist"; path = "../../../Downloads/GoogleService-Info.plist"; sourceTree = "<group>"; };
		825B7CD82AC9765B007A78DD /* GoogleService-Info.plist */ = {isa = PBXFileReference; lastKnownFileType = text.plist.xml; path = "GoogleService-Info.plist"; sourceTree = "<group>"; };
		825B7CD92AC97937007A78DD /* ProfileView.swift */ = {isa = PBXFileReference; lastKnownFileType = sourcecode.swift; path = ProfileView.swift; sourceTree = "<group>"; };
		825B7CDB2AC97953007A78DD /* TodoListView.swift */ = {isa = PBXFileReference; lastKnownFileType = sourcecode.swift; path = TodoListView.swift; sourceTree = "<group>"; };
		825B7CDD2AC97973007A78DD /* NewItemView.swift */ = {isa = PBXFileReference; lastKnownFileType = sourcecode.swift; path = NewItemView.swift; sourceTree = "<group>"; };
		825B7CDF2AC97997007A78DD /* LoginView.swift */ = {isa = PBXFileReference; lastKnownFileType = sourcecode.swift; path = LoginView.swift; sourceTree = "<group>"; };
		825B7CE12AC979A3007A78DD /* RegisterView.swift */ = {isa = PBXFileReference; lastKnownFileType = sourcecode.swift; path = RegisterView.swift; sourceTree = "<group>"; };
		825B7CE42AC97A0E007A78DD /* TodoListItemView.swift */ = {isa = PBXFileReference; lastKnownFileType = sourcecode.swift; path = TodoListItemView.swift; sourceTree = "<group>"; };
		825B7CE62AC97ABE007A78DD /* User.swift */ = {isa = PBXFileReference; lastKnownFileType = sourcecode.swift; path = User.swift; sourceTree = "<group>"; };
		825B7CE82AC97ADB007A78DD /* TodoListItem.swift */ = {isa = PBXFileReference; lastKnownFileType = sourcecode.swift; path = TodoListItem.swift; sourceTree = "<group>"; };
		825B7CEA2AC97B26007A78DD /* MainViewModel.swift */ = {isa = PBXFileReference; lastKnownFileType = sourcecode.swift; path = MainViewModel.swift; sourceTree = "<group>"; };
		825B7CEC2AC97B34007A78DD /* ProfileViewModel.swift */ = {isa = PBXFileReference; lastKnownFileType = sourcecode.swift; path = ProfileViewModel.swift; sourceTree = "<group>"; };
		825B7CEE2AC97B44007A78DD /* TodoListViewModel.swift */ = {isa = PBXFileReference; lastKnownFileType = sourcecode.swift; path = TodoListViewModel.swift; sourceTree = "<group>"; };
		825B7CF02AC97B55007A78DD /* NewItemsViewModel.swift */ = {isa = PBXFileReference; lastKnownFileType = sourcecode.swift; path = NewItemsViewModel.swift; sourceTree = "<group>"; };
		825B7CF22AC97B63007A78DD /* LoginViewModel.swift */ = {isa = PBXFileReference; lastKnownFileType = sourcecode.swift; path = LoginViewModel.swift; sourceTree = "<group>"; };
		825B7CF42AC97B75007A78DD /* RegisterViewModel.swift */ = {isa = PBXFileReference; lastKnownFileType = sourcecode.swift; path = RegisterViewModel.swift; sourceTree = "<group>"; };
		825B7CF62AC97B8B007A78DD /* TodolistItemsViewModel.swift */ = {isa = PBXFileReference; lastKnownFileType = sourcecode.swift; path = TodolistItemsViewModel.swift; sourceTree = "<group>"; };
		825B7CF92AC98AB4007A78DD /* HeaderView.swift */ = {isa = PBXFileReference; lastKnownFileType = sourcecode.swift; path = HeaderView.swift; sourceTree = "<group>"; };
/* End PBXFileReference section */

/* Begin PBXFrameworksBuildPhase section */
		825A82D72ABF68C200678AE3 /* Frameworks */ = {
			isa = PBXFrameworksBuildPhase;
			buildActionMask = 2147483647;
			files = (
				825B7CCA2AC974CA007A78DD /* FirebaseDatabase in Frameworks */,
				825B7CC82AC974CA007A78DD /* FirebaseAuth in Frameworks */,
				825B7CD02AC974CA007A78DD /* FirebaseMessaging in Frameworks */,
				825B7CCC2AC974CA007A78DD /* FirebaseFirestore in Frameworks */,
				825B7CCE2AC974CA007A78DD /* FirebaseFirestoreSwift in Frameworks */,
			);
			runOnlyForDeploymentPostprocessing = 0;
		};
		825A82E82ABF68C400678AE3 /* Frameworks */ = {
			isa = PBXFrameworksBuildPhase;
			buildActionMask = 2147483647;
			files = (
			);
			runOnlyForDeploymentPostprocessing = 0;
		};
		825A82F22ABF68C400678AE3 /* Frameworks */ = {
			isa = PBXFrameworksBuildPhase;
			buildActionMask = 2147483647;
			files = (
			);
			runOnlyForDeploymentPostprocessing = 0;
		};
/* End PBXFrameworksBuildPhase section */

/* Begin PBXGroup section */
		825A82D12ABF68C200678AE3 = {
			isa = PBXGroup;
			children = (
				825A82DC2ABF68C200678AE3 /* ToDoList */,
				825A82EE2ABF68C400678AE3 /* ToDoListTests */,
				825A82F82ABF68C400678AE3 /* ToDoListUITests */,
				825A82DB2ABF68C200678AE3 /* Products */,
			);
			sourceTree = "<group>";
		};
		825A82DB2ABF68C200678AE3 /* Products */ = {
			isa = PBXGroup;
			children = (
				825A82DA2ABF68C200678AE3 /* ToDoList.app */,
				825A82EB2ABF68C400678AE3 /* ToDoListTests.xctest */,
				825A82F52ABF68C400678AE3 /* ToDoListUITests.xctest */,
			);
			name = Products;
			sourceTree = "<group>";
		};
		825A82DC2ABF68C200678AE3 /* ToDoList */ = {
			isa = PBXGroup;
			children = (
				825B7CD72AC975F8007A78DD /* Models */,
				825B7CD62AC975E8007A78DD /* viewModels */,
				825B7CD52AC975E0007A78DD /* Views */,
				825B7CD42AC975D6007A78DD /* others */,
				825B7CD12AC97530007A78DD /* GoogleService-Info.plist */,
				825A82E32ABF68C400678AE3 /* ToDoList.entitlements */,
				825A82E42ABF68C400678AE3 /* Preview Content */,
			);
			path = ToDoList;
			sourceTree = "<group>";
		};
		825A82E42ABF68C400678AE3 /* Preview Content */ = {
			isa = PBXGroup;
			children = (
				825A82E52ABF68C400678AE3 /* Preview Assets.xcassets */,
			);
			path = "Preview Content";
			sourceTree = "<group>";
		};
		825A82EE2ABF68C400678AE3 /* ToDoListTests */ = {
			isa = PBXGroup;
			children = (
				825A82EF2ABF68C400678AE3 /* ToDoListTests.swift */,
			);
			path = ToDoListTests;
			sourceTree = "<group>";
		};
		825A82F82ABF68C400678AE3 /* ToDoListUITests */ = {
			isa = PBXGroup;
			children = (
				825A82F92ABF68C400678AE3 /* ToDoListUITests.swift */,
				825A82FB2ABF68C400678AE3 /* ToDoListUITestsLaunchTests.swift */,
			);
			path = ToDoListUITests;
			sourceTree = "<group>";
		};
		825B7CD42AC975D6007A78DD /* others */ = {
			isa = PBXGroup;
			children = (
				825B7CD82AC9765B007A78DD /* GoogleService-Info.plist */,
				825A82DD2ABF68C200678AE3 /* ToDoListApp.swift */,
				825A82E12ABF68C400678AE3 /* Assets.xcassets */,
			);
			path = others;
			sourceTree = "<group>";
		};
		825B7CD52AC975E0007A78DD /* Views */ = {
			isa = PBXGroup;
			children = (
				825A82DF2ABF68C200678AE3 /* MainView.swift */,
				825B7CD92AC97937007A78DD /* ProfileView.swift */,
				825B7CDB2AC97953007A78DD /* TodoListView.swift */,
				825B7CDD2AC97973007A78DD /* NewItemView.swift */,
				825B7CDF2AC97997007A78DD /* LoginView.swift */,
				825B7CE12AC979A3007A78DD /* RegisterView.swift */,
				825B7CE42AC97A0E007A78DD /* TodoListItemView.swift */,
				825B7CF92AC98AB4007A78DD /* HeaderView.swift */,
			);
			path = Views;
			sourceTree = "<group>";
		};
		825B7CD62AC975E8007A78DD /* viewModels */ = {
			isa = PBXGroup;
			children = (
				825B7CEA2AC97B26007A78DD /* MainViewModel.swift */,
				825B7CEC2AC97B34007A78DD /* ProfileViewModel.swift */,
				825B7CEE2AC97B44007A78DD /* TodoListViewModel.swift */,
				825B7CF02AC97B55007A78DD /* NewItemsViewModel.swift */,
				825B7CF22AC97B63007A78DD /* LoginViewModel.swift */,
				825B7CF42AC97B75007A78DD /* RegisterViewModel.swift */,
				825B7CF62AC97B8B007A78DD /* TodolistItemsViewModel.swift */,
			);
			path = viewModels;
			sourceTree = "<group>";
		};
		825B7CD72AC975F8007A78DD /* Models */ = {
			isa = PBXGroup;
			children = (
				825B7CE62AC97ABE007A78DD /* User.swift */,
				825B7CE82AC97ADB007A78DD /* TodoListItem.swift */,
			);
			path = Models;
			sourceTree = "<group>";
		};
/* End PBXGroup section */

/* Begin PBXNativeTarget section */
		825A82D92ABF68C200678AE3 /* ToDoList */ = {
			isa = PBXNativeTarget;
			buildConfigurationList = 825A82FF2ABF68C400678AE3 /* Build configuration list for PBXNativeTarget "ToDoList" */;
			buildPhases = (
				825A82D62ABF68C200678AE3 /* Sources */,
				825A82D72ABF68C200678AE3 /* Frameworks */,
				825A82D82ABF68C200678AE3 /* Resources */,
			);
			buildRules = (
			);
			dependencies = (
			);
			name = ToDoList;
			packageProductDependencies = (
				825B7CC72AC974CA007A78DD /* FirebaseAuth */,
				825B7CC92AC974CA007A78DD /* FirebaseDatabase */,
				825B7CCB2AC974CA007A78DD /* FirebaseFirestore */,
				825B7CCD2AC974CA007A78DD /* FirebaseFirestoreSwift */,
				825B7CCF2AC974CA007A78DD /* FirebaseMessaging */,
			);
			productName = ToDoList;
			productReference = 825A82DA2ABF68C200678AE3 /* ToDoList.app */;
			productType = "com.apple.product-type.application";
		};
		825A82EA2ABF68C400678AE3 /* ToDoListTests */ = {
			isa = PBXNativeTarget;
			buildConfigurationList = 825A83022ABF68C400678AE3 /* Build configuration list for PBXNativeTarget "ToDoListTests" */;
			buildPhases = (
				825A82E72ABF68C400678AE3 /* Sources */,
				825A82E82ABF68C400678AE3 /* Frameworks */,
				825A82E92ABF68C400678AE3 /* Resources */,
			);
			buildRules = (
			);
			dependencies = (
				825A82ED2ABF68C400678AE3 /* PBXTargetDependency */,
			);
			name = ToDoListTests;
			productName = ToDoListTests;
			productReference = 825A82EB2ABF68C400678AE3 /* ToDoListTests.xctest */;
			productType = "com.apple.product-type.bundle.unit-test";
		};
		825A82F42ABF68C400678AE3 /* ToDoListUITests */ = {
			isa = PBXNativeTarget;
			buildConfigurationList = 825A83052ABF68C400678AE3 /* Build configuration list for PBXNativeTarget "ToDoListUITests" */;
			buildPhases = (
				825A82F12ABF68C400678AE3 /* Sources */,
				825A82F22ABF68C400678AE3 /* Frameworks */,
				825A82F32ABF68C400678AE3 /* Resources */,
			);
			buildRules = (
			);
			dependencies = (
				825A82F72ABF68C400678AE3 /* PBXTargetDependency */,
			);
			name = ToDoListUITests;
			productName = ToDoListUITests;
			productReference = 825A82F52ABF68C400678AE3 /* ToDoListUITests.xctest */;
			productType = "com.apple.product-type.bundle.ui-testing";
		};
/* End PBXNativeTarget section */

/* Begin PBXProject section */
		825A82D22ABF68C200678AE3 /* Project object */ = {
			isa = PBXProject;
			attributes = {
				BuildIndependentTargetsInParallel = 1;
				LastSwiftUpdateCheck = 1430;
				LastUpgradeCheck = 1430;
				TargetAttributes = {
					825A82D92ABF68C200678AE3 = {
						CreatedOnToolsVersion = 14.3.1;
					};
					825A82EA2ABF68C400678AE3 = {
						CreatedOnToolsVersion = 14.3.1;
						TestTargetID = 825A82D92ABF68C200678AE3;
					};
					825A82F42ABF68C400678AE3 = {
						CreatedOnToolsVersion = 14.3.1;
						TestTargetID = 825A82D92ABF68C200678AE3;
					};
				};
			};
			buildConfigurationList = 825A82D52ABF68C200678AE3 /* Build configuration list for PBXProject "ToDoList" */;
			compatibilityVersion = "Xcode 14.0";
			developmentRegion = en;
			hasScannedForEncodings = 0;
			knownRegions = (
				en,
				Base,
			);
			mainGroup = 825A82D12ABF68C200678AE3;
			packageReferences = (
				825B7CC62AC974CA007A78DD /* XCRemoteSwiftPackageReference "firebase-ios-sdk" */,
			);
			productRefGroup = 825A82DB2ABF68C200678AE3 /* Products */;
			projectDirPath = "";
			projectRoot = "";
			targets = (
				825A82D92ABF68C200678AE3 /* ToDoList */,
				825A82EA2ABF68C400678AE3 /* ToDoListTests */,
				825A82F42ABF68C400678AE3 /* ToDoListUITests */,
			);
		};
/* End PBXProject section */

/* Begin PBXResourcesBuildPhase section */
		825A82D82ABF68C200678AE3 /* Resources */ = {
			isa = PBXResourcesBuildPhase;
			buildActionMask = 2147483647;
			files = (
				825A82E62ABF68C400678AE3 /* Preview Assets.xcassets in Resources */,
				825A82E22ABF68C400678AE3 /* Assets.xcassets in Resources */,
				825B7CD22AC97530007A78DD /* GoogleService-Info.plist in Resources */,
			);
			runOnlyForDeploymentPostprocessing = 0;
		};
		825A82E92ABF68C400678AE3 /* Resources */ = {
			isa = PBXResourcesBuildPhase;
			buildActionMask = 2147483647;
			files = (
			);
			runOnlyForDeploymentPostprocessing = 0;
		};
		825A82F32ABF68C400678AE3 /* Resources */ = {
			isa = PBXResourcesBuildPhase;
			buildActionMask = 2147483647;
			files = (
			);
			runOnlyForDeploymentPostprocessing = 0;
		};
/* End PBXResourcesBuildPhase section */

/* Begin PBXSourcesBuildPhase section */
		825A82D62ABF68C200678AE3 /* Sources */ = {
			isa = PBXSourcesBuildPhase;
			buildActionMask = 2147483647;
			files = (
				825B7CF12AC97B56007A78DD /* NewItemsViewModel.swift in Sources */,
				825B7CFA2AC98AB4007A78DD /* HeaderView.swift in Sources */,
				825B7CE92AC97ADB007A78DD /* TodoListItem.swift in Sources */,
				825B7CE02AC97997007A78DD /* LoginView.swift in Sources */,
				825B7CF52AC97B75007A78DD /* RegisterViewModel.swift in Sources */,
				825B7CEF2AC97B44007A78DD /* TodoListViewModel.swift in Sources */,
				825A82E02ABF68C200678AE3 /* MainView.swift in Sources */,
				825B7CDC2AC97953007A78DD /* TodoListView.swift in Sources */,
				825B7CE22AC979A3007A78DD /* RegisterView.swift in Sources */,
				825B7CDA2AC97937007A78DD /* ProfileView.swift in Sources */,
				825B7CF32AC97B63007A78DD /* LoginViewModel.swift in Sources */,
				825B7CED2AC97B34007A78DD /* ProfileViewModel.swift in Sources */,
				825B7CE72AC97ABE007A78DD /* User.swift in Sources */,
				825B7CE52AC97A0E007A78DD /* TodoListItemView.swift in Sources */,
				825A82DE2ABF68C200678AE3 /* ToDoListApp.swift in Sources */,
				825B7CF72AC97B8B007A78DD /* TodolistItemsViewModel.swift in Sources */,
				825B7CDE2AC97973007A78DD /* NewItemView.swift in Sources */,
				825B7CEB2AC97B26007A78DD /* MainViewModel.swift in Sources */,
			);
			runOnlyForDeploymentPostprocessing = 0;
		};
		825A82E72ABF68C400678AE3 /* Sources */ = {
			isa = PBXSourcesBuildPhase;
			buildActionMask = 2147483647;
			files = (
				825A82F02ABF68C400678AE3 /* ToDoListTests.swift in Sources */,
			);
			runOnlyForDeploymentPostprocessing = 0;
		};
		825A82F12ABF68C400678AE3 /* Sources */ = {
			isa = PBXSourcesBuildPhase;
			buildActionMask = 2147483647;
			files = (
				825A82FC2ABF68C400678AE3 /* ToDoListUITestsLaunchTests.swift in Sources */,
				825A82FA2ABF68C400678AE3 /* ToDoListUITests.swift in Sources */,
			);
			runOnlyForDeploymentPostprocessing = 0;
		};
/* End PBXSourcesBuildPhase section */

/* Begin PBXTargetDependency section */
		825A82ED2ABF68C400678AE3 /* PBXTargetDependency */ = {
			isa = PBXTargetDependency;
			target = 825A82D92ABF68C200678AE3 /* ToDoList */;
			targetProxy = 825A82EC2ABF68C400678AE3 /* PBXContainerItemProxy */;
		};
		825A82F72ABF68C400678AE3 /* PBXTargetDependency */ = {
			isa = PBXTargetDependency;
			target = 825A82D92ABF68C200678AE3 /* ToDoList */;
			targetProxy = 825A82F62ABF68C400678AE3 /* PBXContainerItemProxy */;
		};
/* End PBXTargetDependency section */

/* Begin XCBuildConfiguration section */
		825A82FD2ABF68C400678AE3 /* Debug */ = {
			isa = XCBuildConfiguration;
			buildSettings = {
				ALWAYS_SEARCH_USER_PATHS = NO;
				CLANG_ANALYZER_NONNULL = YES;
				CLANG_ANALYZER_NUMBER_OBJECT_CONVERSION = YES_AGGRESSIVE;
				CLANG_CXX_LANGUAGE_STANDARD = "gnu++20";
				CLANG_ENABLE_MODULES = YES;
				CLANG_ENABLE_OBJC_ARC = YES;
				CLANG_ENABLE_OBJC_WEAK = YES;
				CLANG_WARN_BLOCK_CAPTURE_AUTORELEASING = YES;
				CLANG_WARN_BOOL_CONVERSION = YES;
				CLANG_WARN_COMMA = YES;
				CLANG_WARN_CONSTANT_CONVERSION = YES;
				CLANG_WARN_DEPRECATED_OBJC_IMPLEMENTATIONS = YES;
				CLANG_WARN_DIRECT_OBJC_ISA_USAGE = YES_ERROR;
				CLANG_WARN_DOCUMENTATION_COMMENTS = YES;
				CLANG_WARN_EMPTY_BODY = YES;
				CLANG_WARN_ENUM_CONVERSION = YES;
				CLANG_WARN_INFINITE_RECURSION = YES;
				CLANG_WARN_INT_CONVERSION = YES;
				CLANG_WARN_NON_LITERAL_NULL_CONVERSION = YES;
				CLANG_WARN_OBJC_IMPLICIT_RETAIN_SELF = YES;
				CLANG_WARN_OBJC_LITERAL_CONVERSION = YES;
				CLANG_WARN_OBJC_ROOT_CLASS = YES_ERROR;
				CLANG_WARN_QUOTED_INCLUDE_IN_FRAMEWORK_HEADER = YES;
				CLANG_WARN_RANGE_LOOP_ANALYSIS = YES;
				CLANG_WARN_STRICT_PROTOTYPES = YES;
				CLANG_WARN_SUSPICIOUS_MOVE = YES;
				CLANG_WARN_UNGUARDED_AVAILABILITY = YES_AGGRESSIVE;
				CLANG_WARN_UNREACHABLE_CODE = YES;
				CLANG_WARN__DUPLICATE_METHOD_MATCH = YES;
				COPY_PHASE_STRIP = NO;
				DEBUG_INFORMATION_FORMAT = dwarf;
				ENABLE_STRICT_OBJC_MSGSEND = YES;
				ENABLE_TESTABILITY = YES;
				GCC_C_LANGUAGE_STANDARD = gnu11;
				GCC_DYNAMIC_NO_PIC = NO;
				GCC_NO_COMMON_BLOCKS = YES;
				GCC_OPTIMIZATION_LEVEL = 0;
				GCC_PREPROCESSOR_DEFINITIONS = (
					"DEBUG=1",
					"$(inherited)",
				);
				GCC_WARN_64_TO_32_BIT_CONVERSION = YES;
				GCC_WARN_ABOUT_RETURN_TYPE = YES_ERROR;
				GCC_WARN_UNDECLARED_SELECTOR = YES;
				GCC_WARN_UNINITIALIZED_AUTOS = YES_AGGRESSIVE;
				GCC_WARN_UNUSED_FUNCTION = YES;
				GCC_WARN_UNUSED_VARIABLE = YES;
				MTL_ENABLE_DEBUG_INFO = INCLUDE_SOURCE;
				MTL_FAST_MATH = YES;
				ONLY_ACTIVE_ARCH = YES;
				SWIFT_ACTIVE_COMPILATION_CONDITIONS = DEBUG;
				SWIFT_OPTIMIZATION_LEVEL = "-Onone";
			};
			name = Debug;
		};
		825A82FE2ABF68C400678AE3 /* Release */ = {
			isa = XCBuildConfiguration;
			buildSettings = {
				ALWAYS_SEARCH_USER_PATHS = NO;
				CLANG_ANALYZER_NONNULL = YES;
				CLANG_ANALYZER_NUMBER_OBJECT_CONVERSION = YES_AGGRESSIVE;
				CLANG_CXX_LANGUAGE_STANDARD = "gnu++20";
				CLANG_ENABLE_MODULES = YES;
				CLANG_ENABLE_OBJC_ARC = YES;
				CLANG_ENABLE_OBJC_WEAK = YES;
				CLANG_WARN_BLOCK_CAPTURE_AUTORELEASING = YES;
				CLANG_WARN_BOOL_CONVERSION = YES;
				CLANG_WARN_COMMA = YES;
				CLANG_WARN_CONSTANT_CONVERSION = YES;
				CLANG_WARN_DEPRECATED_OBJC_IMPLEMENTATIONS = YES;
				CLANG_WARN_DIRECT_OBJC_ISA_USAGE = YES_ERROR;
				CLANG_WARN_DOCUMENTATION_COMMENTS = YES;
				CLANG_WARN_EMPTY_BODY = YES;
				CLANG_WARN_ENUM_CONVERSION = YES;
				CLANG_WARN_INFINITE_RECURSION = YES;
				CLANG_WARN_INT_CONVERSION = YES;
				CLANG_WARN_NON_LITERAL_NULL_CONVERSION = YES;
				CLANG_WARN_OBJC_IMPLICIT_RETAIN_SELF = YES;
				CLANG_WARN_OBJC_LITERAL_CONVERSION = YES;
				CLANG_WARN_OBJC_ROOT_CLASS = YES_ERROR;
				CLANG_WARN_QUOTED_INCLUDE_IN_FRAMEWORK_HEADER = YES;
				CLANG_WARN_RANGE_LOOP_ANALYSIS = YES;
				CLANG_WARN_STRICT_PROTOTYPES = YES;
				CLANG_WARN_SUSPICIOUS_MOVE = YES;
				CLANG_WARN_UNGUARDED_AVAILABILITY = YES_AGGRESSIVE;
				CLANG_WARN_UNREACHABLE_CODE = YES;
				CLANG_WARN__DUPLICATE_METHOD_MATCH = YES;
				COPY_PHASE_STRIP = NO;
				DEBUG_INFORMATION_FORMAT = "dwarf-with-dsym";
				ENABLE_NS_ASSERTIONS = NO;
				ENABLE_STRICT_OBJC_MSGSEND = YES;
				GCC_C_LANGUAGE_STANDARD = gnu11;
				GCC_NO_COMMON_BLOCKS = YES;
				GCC_WARN_64_TO_32_BIT_CONVERSION = YES;
				GCC_WARN_ABOUT_RETURN_TYPE = YES_ERROR;
				GCC_WARN_UNDECLARED_SELECTOR = YES;
				GCC_WARN_UNINITIALIZED_AUTOS = YES_AGGRESSIVE;
				GCC_WARN_UNUSED_FUNCTION = YES;
				GCC_WARN_UNUSED_VARIABLE = YES;
				MTL_ENABLE_DEBUG_INFO = NO;
				MTL_FAST_MATH = YES;
				SWIFT_COMPILATION_MODE = wholemodule;
				SWIFT_OPTIMIZATION_LEVEL = "-O";
			};
			name = Release;
		};
		825A83002ABF68C400678AE3 /* Debug */ = {
			isa = XCBuildConfiguration;
			buildSettings = {
				ASSETCATALOG_COMPILER_APPICON_NAME = AppIcon;
				ASSETCATALOG_COMPILER_GLOBAL_ACCENT_COLOR_NAME = AccentColor;
				CODE_SIGN_ENTITLEMENTS = ToDoList/ToDoList.entitlements;
				CODE_SIGN_STYLE = Automatic;
				CURRENT_PROJECT_VERSION = 1;
				DEVELOPMENT_ASSET_PATHS = "\"ToDoList/Preview Content\"";
				DEVELOPMENT_TEAM = 24UFHV6679;
				ENABLE_HARDENED_RUNTIME = YES;
				ENABLE_PREVIEWS = YES;
				GENERATE_INFOPLIST_FILE = YES;
				"INFOPLIST_KEY_UIApplicationSceneManifest_Generation[sdk=iphoneos*]" = YES;
				"INFOPLIST_KEY_UIApplicationSceneManifest_Generation[sdk=iphonesimulator*]" = YES;
				"INFOPLIST_KEY_UIApplicationSupportsIndirectInputEvents[sdk=iphoneos*]" = YES;
				"INFOPLIST_KEY_UIApplicationSupportsIndirectInputEvents[sdk=iphonesimulator*]" = YES;
				"INFOPLIST_KEY_UILaunchScreen_Generation[sdk=iphoneos*]" = YES;
				"INFOPLIST_KEY_UILaunchScreen_Generation[sdk=iphonesimulator*]" = YES;
				"INFOPLIST_KEY_UIStatusBarStyle[sdk=iphoneos*]" = UIStatusBarStyleDefault;
				"INFOPLIST_KEY_UIStatusBarStyle[sdk=iphonesimulator*]" = UIStatusBarStyleDefault;
				INFOPLIST_KEY_UISupportedInterfaceOrientations_iPad = "UIInterfaceOrientationPortrait UIInterfaceOrientationPortraitUpsideDown UIInterfaceOrientationLandscapeLeft UIInterfaceOrientationLandscapeRight";
				INFOPLIST_KEY_UISupportedInterfaceOrientations_iPhone = "UIInterfaceOrientationPortrait UIInterfaceOrientationLandscapeLeft UIInterfaceOrientationLandscapeRight";
				IPHONEOS_DEPLOYMENT_TARGET = 16.4;
				LD_RUNPATH_SEARCH_PATHS = "@executable_path/Frameworks";
				"LD_RUNPATH_SEARCH_PATHS[sdk=macosx*]" = "@executable_path/../Frameworks";
				MACOSX_DEPLOYMENT_TARGET = 13.3;
				MARKETING_VERSION = 1.0;
				PRODUCT_BUNDLE_IDENTIFIER = com.SwiftBegginer.ToDoList;
				PRODUCT_NAME = "$(TARGET_NAME)";
				SDKROOT = auto;
				SUPPORTED_PLATFORMS = "iphoneos iphonesimulator macosx";
				SWIFT_EMIT_LOC_STRINGS = YES;
				SWIFT_VERSION = 5.0;
				TARGETED_DEVICE_FAMILY = "1,2";
			};
			name = Debug;
		};
		825A83012ABF68C400678AE3 /* Release */ = {
			isa = XCBuildConfiguration;
			buildSettings = {
				ASSETCATALOG_COMPILER_APPICON_NAME = AppIcon;
				ASSETCATALOG_COMPILER_GLOBAL_ACCENT_COLOR_NAME = AccentColor;
				CODE_SIGN_ENTITLEMENTS = ToDoList/ToDoList.entitlements;
				CODE_SIGN_STYLE = Automatic;
				CURRENT_PROJECT_VERSION = 1;
				DEVELOPMENT_ASSET_PATHS = "\"ToDoList/Preview Content\"";
				DEVELOPMENT_TEAM = 24UFHV6679;
				ENABLE_HARDENED_RUNTIME = YES;
				ENABLE_PREVIEWS = YES;
				GENERATE_INFOPLIST_FILE = YES;
				"INFOPLIST_KEY_UIApplicationSceneManifest_Generation[sdk=iphoneos*]" = YES;
				"INFOPLIST_KEY_UIApplicationSceneManifest_Generation[sdk=iphonesimulator*]" = YES;
				"INFOPLIST_KEY_UIApplicationSupportsIndirectInputEvents[sdk=iphoneos*]" = YES;
				"INFOPLIST_KEY_UIApplicationSupportsIndirectInputEvents[sdk=iphonesimulator*]" = YES;
				"INFOPLIST_KEY_UILaunchScreen_Generation[sdk=iphoneos*]" = YES;
				"INFOPLIST_KEY_UILaunchScreen_Generation[sdk=iphonesimulator*]" = YES;
				"INFOPLIST_KEY_UIStatusBarStyle[sdk=iphoneos*]" = UIStatusBarStyleDefault;
				"INFOPLIST_KEY_UIStatusBarStyle[sdk=iphonesimulator*]" = UIStatusBarStyleDefault;
				INFOPLIST_KEY_UISupportedInterfaceOrientations_iPad = "UIInterfaceOrientationPortrait UIInterfaceOrientationPortraitUpsideDown UIInterfaceOrientationLandscapeLeft UIInterfaceOrientationLandscapeRight";
				INFOPLIST_KEY_UISupportedInterfaceOrientations_iPhone = "UIInterfaceOrientationPortrait UIInterfaceOrientationLandscapeLeft UIInterfaceOrientationLandscapeRight";
				IPHONEOS_DEPLOYMENT_TARGET = 16.4;
				LD_RUNPATH_SEARCH_PATHS = "@executable_path/Frameworks";
				"LD_RUNPATH_SEARCH_PATHS[sdk=macosx*]" = "@executable_path/../Frameworks";
				MACOSX_DEPLOYMENT_TARGET = 13.3;
				MARKETING_VERSION = 1.0;
				PRODUCT_BUNDLE_IDENTIFIER = com.SwiftBegginer.ToDoList;
				PRODUCT_NAME = "$(TARGET_NAME)";
				SDKROOT = auto;
				SUPPORTED_PLATFORMS = "iphoneos iphonesimulator macosx";
				SWIFT_EMIT_LOC_STRINGS = YES;
				SWIFT_VERSION = 5.0;
				TARGETED_DEVICE_FAMILY = "1,2";
			};
			name = Release;
		};
		825A83032ABF68C400678AE3 /* Debug */ = {
			isa = XCBuildConfiguration;
			buildSettings = {
				ALWAYS_EMBED_SWIFT_STANDARD_LIBRARIES = YES;
				BUNDLE_LOADER = "$(TEST_HOST)";
				CODE_SIGN_STYLE = Automatic;
				CURRENT_PROJECT_VERSION = 1;
				DEVELOPMENT_TEAM = 24UFHV6679;
				GENERATE_INFOPLIST_FILE = YES;
				IPHONEOS_DEPLOYMENT_TARGET = 16.4;
				MACOSX_DEPLOYMENT_TARGET = 13.3;
				MARKETING_VERSION = 1.0;
				PRODUCT_BUNDLE_IDENTIFIER = com.SwiftBegginer.ToDoListTests;
				PRODUCT_NAME = "$(TARGET_NAME)";
				SDKROOT = auto;
				SUPPORTED_PLATFORMS = "iphoneos iphonesimulator macosx";
				SWIFT_EMIT_LOC_STRINGS = NO;
				SWIFT_VERSION = 5.0;
				TARGETED_DEVICE_FAMILY = "1,2";
				TEST_HOST = "$(BUILT_PRODUCTS_DIR)/ToDoList.app/$(BUNDLE_EXECUTABLE_FOLDER_PATH)/ToDoList";
			};
			name = Debug;
		};
		825A83042ABF68C400678AE3 /* Release */ = {
			isa = XCBuildConfiguration;
			buildSettings = {
				ALWAYS_EMBED_SWIFT_STANDARD_LIBRARIES = YES;
				BUNDLE_LOADER = "$(TEST_HOST)";
				CODE_SIGN_STYLE = Automatic;
				CURRENT_PROJECT_VERSION = 1;
				DEVELOPMENT_TEAM = 24UFHV6679;
				GENERATE_INFOPLIST_FILE = YES;
				IPHONEOS_DEPLOYMENT_TARGET = 16.4;
				MACOSX_DEPLOYMENT_TARGET = 13.3;
				MARKETING_VERSION = 1.0;
				PRODUCT_BUNDLE_IDENTIFIER = com.SwiftBegginer.ToDoListTests;
				PRODUCT_NAME = "$(TARGET_NAME)";
				SDKROOT = auto;
				SUPPORTED_PLATFORMS = "iphoneos iphonesimulator macosx";
				SWIFT_EMIT_LOC_STRINGS = NO;
				SWIFT_VERSION = 5.0;
				TARGETED_DEVICE_FAMILY = "1,2";
				TEST_HOST = "$(BUILT_PRODUCTS_DIR)/ToDoList.app/$(BUNDLE_EXECUTABLE_FOLDER_PATH)/ToDoList";
			};
			name = Release;
		};
		825A83062ABF68C400678AE3 /* Debug */ = {
			isa = XCBuildConfiguration;
			buildSettings = {
				ALWAYS_EMBED_SWIFT_STANDARD_LIBRARIES = YES;
				CODE_SIGN_STYLE = Automatic;
				CURRENT_PROJECT_VERSION = 1;
				DEVELOPMENT_TEAM = 24UFHV6679;
				GENERATE_INFOPLIST_FILE = YES;
				IPHONEOS_DEPLOYMENT_TARGET = 16.4;
				MACOSX_DEPLOYMENT_TARGET = 13.3;
				MARKETING_VERSION = 1.0;
				PRODUCT_BUNDLE_IDENTIFIER = com.SwiftBegginer.ToDoListUITests;
				PRODUCT_NAME = "$(TARGET_NAME)";
				SDKROOT = auto;
				SUPPORTED_PLATFORMS = "iphoneos iphonesimulator macosx";
				SWIFT_EMIT_LOC_STRINGS = NO;
				SWIFT_VERSION = 5.0;
				TARGETED_DEVICE_FAMILY = "1,2";
				TEST_TARGET_NAME = ToDoList;
			};
			name = Debug;
		};
		825A83072ABF68C400678AE3 /* Release */ = {
			isa = XCBuildConfiguration;
			buildSettings = {
				ALWAYS_EMBED_SWIFT_STANDARD_LIBRARIES = YES;
				CODE_SIGN_STYLE = Automatic;
				CURRENT_PROJECT_VERSION = 1;
				DEVELOPMENT_TEAM = 24UFHV6679;
				GENERATE_INFOPLIST_FILE = YES;
				IPHONEOS_DEPLOYMENT_TARGET = 16.4;
				MACOSX_DEPLOYMENT_TARGET = 13.3;
				MARKETING_VERSION = 1.0;
				PRODUCT_BUNDLE_IDENTIFIER = com.SwiftBegginer.ToDoListUITests;
				PRODUCT_NAME = "$(TARGET_NAME)";
				SDKROOT = auto;
				SUPPORTED_PLATFORMS = "iphoneos iphonesimulator macosx";
				SWIFT_EMIT_LOC_STRINGS = NO;
				SWIFT_VERSION = 5.0;
				TARGETED_DEVICE_FAMILY = "1,2";
				TEST_TARGET_NAME = ToDoList;
			};
			name = Release;
		};
/* End XCBuildConfiguration section */

/* Begin XCConfigurationList section */
		825A82D52ABF68C200678AE3 /* Build configuration list for PBXProject "ToDoList" */ = {
			isa = XCConfigurationList;
			buildConfigurations = (
				825A82FD2ABF68C400678AE3 /* Debug */,
				825A82FE2ABF68C400678AE3 /* Release */,
			);
			defaultConfigurationIsVisible = 0;
			defaultConfigurationName = Release;
		};
		825A82FF2ABF68C400678AE3 /* Build configuration list for PBXNativeTarget "ToDoList" */ = {
			isa = XCConfigurationList;
			buildConfigurations = (
				825A83002ABF68C400678AE3 /* Debug */,
				825A83012ABF68C400678AE3 /* Release */,
			);
			defaultConfigurationIsVisible = 0;
			defaultConfigurationName = Release;
		};
		825A83022ABF68C400678AE3 /* Build configuration list for PBXNativeTarget "ToDoListTests" */ = {
			isa = XCConfigurationList;
			buildConfigurations = (
				825A83032ABF68C400678AE3 /* Debug */,
				825A83042ABF68C400678AE3 /* Release */,
			);
			defaultConfigurationIsVisible = 0;
			defaultConfigurationName = Release;
		};
		825A83052ABF68C400678AE3 /* Build configuration list for PBXNativeTarget "ToDoListUITests" */ = {
			isa = XCConfigurationList;
			buildConfigurations = (
				825A83062ABF68C400678AE3 /* Debug */,
				825A83072ABF68C400678AE3 /* Release */,
			);
			defaultConfigurationIsVisible = 0;
			defaultConfigurationName = Release;
		};
/* End XCConfigurationList section */

/* Begin XCRemoteSwiftPackageReference section */
		825B7CC62AC974CA007A78DD /* XCRemoteSwiftPackageReference "firebase-ios-sdk" */ = {
			isa = XCRemoteSwiftPackageReference;
			repositoryURL = "https://github.com/firebase/firebase-ios-sdk";
			requirement = {
				kind = upToNextMajorVersion;
				minimumVersion = 10.0.0;
			};
		};
/* End XCRemoteSwiftPackageReference section */

/* Begin XCSwiftPackageProductDependency section */
		825B7CC72AC974CA007A78DD /* FirebaseAuth */ = {
			isa = XCSwiftPackageProductDependency;
			package = 825B7CC62AC974CA007A78DD /* XCRemoteSwiftPackageReference "firebase-ios-sdk" */;
			productName = FirebaseAuth;
		};
		825B7CC92AC974CA007A78DD /* FirebaseDatabase */ = {
			isa = XCSwiftPackageProductDependency;
			package = 825B7CC62AC974CA007A78DD /* XCRemoteSwiftPackageReference "firebase-ios-sdk" */;
			productName = FirebaseDatabase;
		};
		825B7CCB2AC974CA007A78DD /* FirebaseFirestore */ = {
			isa = XCSwiftPackageProductDependency;
			package = 825B7CC62AC974CA007A78DD /* XCRemoteSwiftPackageReference "firebase-ios-sdk" */;
			productName = FirebaseFirestore;
		};
		825B7CCD2AC974CA007A78DD /* FirebaseFirestoreSwift */ = {
			isa = XCSwiftPackageProductDependency;
			package = 825B7CC62AC974CA007A78DD /* XCRemoteSwiftPackageReference "firebase-ios-sdk" */;
			productName = FirebaseFirestoreSwift;
		};
		825B7CCF2AC974CA007A78DD /* FirebaseMessaging */ = {
			isa = XCSwiftPackageProductDependency;
			package = 825B7CC62AC974CA007A78DD /* XCRemoteSwiftPackageReference "firebase-ios-sdk" */;
			productName = FirebaseMessaging;
		};
/* End XCSwiftPackageProductDependency section */
	};
	rootObject = 825A82D22ABF68C200678AE3 /* Project object */;
}
